
Microsoft Visual Studio Solution File, Format Version 12.00
# Visual Studio Version 16
VisualStudioVersion = 16.0.29215.179
MinimumVisualStudioVersion = 10.0.40219.1
Project("{FAE04EC0-301F-11D3-BF4B-00C04F79EFBC}") = "Minutes.UWP", "Minutes\Minutes.UWP\Minutes.UWP.csproj", "{3543EC5B-D0B2-446E-9DD6-7CE9497CB386}"
EndProject
Project("{FAE04EC0-301F-11D3-BF4B-00C04F79EFBC}") = "Minutes.Android", "Minutes\Minutes.Android\Minutes.Android.csproj", "{4B8B6741-DB41-44F6-B46A-97DF0BDC08A1}"
EndProject
Project("{FAE04EC0-301F-11D3-BF4B-00C04F79EFBC}") = "Minutes.iOS", "Minutes\Minutes.iOS\Minutes.iOS.csproj", "{269BE615-9939-44B5-8B65-142349A00758}"
EndProject
Project("{FAE04EC0-301F-11D3-BF4B-00C04F79EFBC}") = "Minutes", "Minutes\Minutes\Minutes.csproj", "{599BFEB2-B0E2-41A7-ACFF-51DF6E0E2913}"
EndProject
Global
	GlobalSection(SolutionConfigurationPlatforms) = preSolution
		Debug|Any CPU = Debug|Any CPU
		Debug|ARM = Debug|ARM
		Debug|iPhone = Debug|iPhone
		Debug|iPhoneSimulator = Debug|iPhoneSimulator
		Debug|x64 = Debug|x64
		Debug|x86 = Debug|x86
		Release|Any CPU = Release|Any CPU
		Release|ARM = Release|ARM
		Release|iPhone = Release|iPhone
		Release|iPhoneSimulator = Release|iPhoneSimulator
		Release|x64 = Release|x64
		Release|x86 = Release|x86
	EndGlobalSection
	GlobalSection(ProjectConfigurationPlatforms) = postSolution
		{3543EC5B-D0B2-446E-9DD6-7CE9497CB386}.Debug|Any CPU.ActiveCfg = Debug|x86
		{3543EC5B-D0B2-446E-9DD6-7CE9497CB386}.Debug|Any CPU.Build.0 = Debug|x86
		{3543EC5B-D0B2-446E-9DD6-7CE9497CB386}.Debug|Any CPU.Deploy.0 = Debug|x86
		{3543EC5B-D0B2-446E-9DD6-7CE9497CB386}.Debug|ARM.ActiveCfg = Debug|ARM
		{3543EC5B-D0B2-446E-9DD6-7CE9497CB386}.Debug|ARM.Build.0 = Debug|ARM
		{3543EC5B-D0B2-446E-9DD6-7CE9497CB386}.Debug|ARM.Deploy.0 = Debug|ARM
		{3543EC5B-D0B2-446E-9DD6-7CE9497CB386}.Debug|iPhone.ActiveCfg = Debug|x86
		{3543EC5B-D0B2-446E-9DD6-7CE9497CB386}.Debug|iPhone.Build.0 = Debug|x86
		{3543EC5B-D0B2-446E-9DD6-7CE9497CB386}.Debug|iPhone.Deploy.0 = Debug|x86
		{3543EC5B-D0B2-446E-9DD6-7CE9497CB386}.Debug|iPhoneSimulator.ActiveCfg = Debug|x86
		{3543EC5B-D0B2-446E-9DD6-7CE9497CB386}.Debug|iPhoneSimulator.Build.0 = Debug|x86
		{3543EC5B-D0B2-446E-9DD6-7CE9497CB386}.Debug|iPhoneSimulator.Deploy.0 = Debug|x86
		{3543EC5B-D0B2-446E-9DD6-7CE9497CB386}.Debug|x64.ActiveCfg = Debug|x64
		{3543EC5B-D0B2-446E-9DD6-7CE9497CB386}.Debug|x64.Build.0 = Debug|x64
		{3543EC5B-D0B2-446E-9DD6-7CE9497CB386}.Debug|x64.Deploy.0 = Debug|x64
		{3543EC5B-D0B2-446E-9DD6-7CE9497CB386}.Debug|x86.ActiveCfg = Debug|x86
		{3543EC5B-D0B2-446E-9DD6-7CE9497CB386}.Debug|x86.Build.0 = Debug|x86
		{3543EC5B-D0B2-446E-9DD6-7CE9497CB386}.Debug|x86.Deploy.0 = Debug|x86
		{3543EC5B-D0B2-446E-9DD6-7CE9497CB386}.Release|Any CPU.ActiveCfg = Release|x86
		{3543EC5B-D0B2-446E-9DD6-7CE9497CB386}.Release|Any CPU.Build.0 = Release|x86
		{3543EC5B-D0B2-446E-9DD6-7CE9497CB386}.Release|Any CPU.Deploy.0 = Release|x86
		{3543EC5B-D0B2-446E-9DD6-7CE9497CB386}.Release|ARM.ActiveCfg = Release|ARM
		{3543EC5B-D0B2-446E-9DD6-7CE9497CB386}.Release|ARM.Build.0 = Release|ARM
		{3543EC5B-D0B2-446E-9DD6-7CE9497CB386}.Release|ARM.Deploy.0 = Release|ARM
		{3543EC5B-D0B2-446E-9DD6-7CE9497CB386}.Release|iPhone.ActiveCfg = Release|x86
		{3543EC5B-D0B2-446E-9DD6-7CE9497CB386}.Release|iPhone.Build.0 = Release|x86
		{3543EC5B-D0B2-446E-9DD6-7CE9497CB386}.Release|iPhone.Deploy.0 = Release|x86
		{3543EC5B-D0B2-446E-9DD6-7CE9497CB386}.Release|iPhoneSimulator.ActiveCfg = Release|x86
		{3543EC5B-D0B2-446E-9DD6-7CE9497CB386}.Release|iPhoneSimulator.Build.0 = Release|x86
		{3543EC5B-D0B2-446E-9DD6-7CE9497CB386}.Release|iPhoneSimulator.Deploy.0 = Release|x86
		{3543EC5B-D0B2-446E-9DD6-7CE9497CB386}.Release|x64.ActiveCfg = Release|x64
		{3543EC5B-D0B2-446E-9DD6-7CE9497CB386}.Release|x64.Build.0 = Release|x64
		{3543EC5B-D0B2-446E-9DD6-7CE9497CB386}.Release|x64.Deploy.0 = Release|x64
		{3543EC5B-D0B2-446E-9DD6-7CE9497CB386}.Release|x86.ActiveCfg = Release|x86
		{3543EC5B-D0B2-446E-9DD6-7CE9497CB386}.Release|x86.Build.0 = Release|x86
		{3543EC5B-D0B2-446E-9DD6-7CE9497CB386}.Release|x86.Deploy.0 = Release|x86
		{4B8B6741-DB41-44F6-B46A-97DF0BDC08A1}.Debug|Any CPU.ActiveCfg = Debug|Any CPU
		{4B8B6741-DB41-44F6-B46A-97DF0BDC08A1}.Debug|Any CPU.Build.0 = Debug|Any CPU
		{4B8B6741-DB41-44F6-B46A-97DF0BDC08A1}.Debug|Any CPU.Deploy.0 = Debug|Any CPU
		{4B8B6741-DB41-44F6-B46A-97DF0BDC08A1}.Debug|ARM.ActiveCfg = Debug|Any CPU
		{4B8B6741-DB41-44F6-B46A-97DF0BDC08A1}.Debug|ARM.Build.0 = Debug|Any CPU
		{4B8B6741-DB41-44F6-B46A-97DF0BDC08A1}.Debug|ARM.Deploy.0 = Debug|Any CPU
		{4B8B6741-DB41-44F6-B46A-97DF0BDC08A1}.Debug|iPhone.ActiveCfg = Debug|Any CPU
		{4B8B6741-DB41-44F6-B46A-97DF0BDC08A1}.Debug|iPhone.Build.0 = Debug|Any CPU
		{4B8B6741-DB41-44F6-B46A-97DF0BDC08A1}.Debug|iPhone.Deploy.0 = Debug|Any CPU
		{4B8B6741-DB41-44F6-B46A-97DF0BDC08A1}.Debug|iPhoneSimulator.ActiveCfg = Debug|Any CPU
		{4B8B6741-DB41-44F6-B46A-97DF0BDC08A1}.Debug|iPhoneSimulator.Build.0 = Debug|Any CPU
		{4B8B6741-DB41-44F6-B46A-97DF0BDC08A1}.Debug|iPhoneSimulator.Deploy.0 = Debug|Any CPU
		{4B8B6741-DB41-44F6-B46A-97DF0BDC08A1}.Debug|x64.ActiveCfg = Debug|Any CPU
		{4B8B6741-DB41-44F6-B46A-97DF0BDC08A1}.Debug|x64.Build.0 = Debug|Any CPU
		{4B8B6741-DB41-44F6-B46A-97DF0BDC08A1}.Debug|x64.Deploy.0 = Debug|Any CPU
		{4B8B6741-DB41-44F6-B46A-97DF0BDC08A1}.Debug|x86.ActiveCfg = Debug|Any CPU
		{4B8B6741-DB41-44F6-B46A-97DF0BDC08A1}.Debug|x86.Build.0 = Debug|Any CPU
		{4B8B6741-DB41-44F6-B46A-97DF0BDC08A1}.Debug|x86.Deploy.0 = Debug|Any CPU
		{4B8B6741-DB41-44F6-B46A-97DF0BDC08A1}.Release|Any CPU.ActiveCfg = Release|Any CPU
		{4B8B6741-DB41-44F6-B46A-97DF0BDC08A1}.Release|Any CPU.Build.0 = Release|Any CPU
		{4B8B6741-DB41-44F6-B46A-97DF0BDC08A1}.Release|Any CPU.Deploy.0 = Release|Any CPU
		{4B8B6741-DB41-44F6-B46A-97DF0BDC08A1}.Release|ARM.ActiveCfg = Release|Any CPU
		{4B8B6741-DB41-44F6-B46A-97DF0BDC08A1}.Release|ARM.Build.0 = Release|Any CPU
		{4B8B6741-DB41-44F6-B46A-97DF0BDC08A1}.Release|ARM.Deploy.0 = Release|Any CPU
		{4B8B6741-DB41-44F6-B46A-97DF0BDC08A1}.Release|iPhone.ActiveCfg = Release|Any CPU
		{4B8B6741-DB41-44F6-B46A-97DF0BDC08A1}.Release|iPhone.Build.0 = Release|Any CPU
		{4B8B6741-DB41-44F6-B46A-97DF0BDC08A1}.Release|iPhone.Deploy.0 = Release|Any CPU
		{4B8B6741-DB41-44F6-B46A-97DF0BDC08A1}.Release|iPhoneSimulator.ActiveCfg = Release|Any CPU
		{4B8B6741-DB41-44F6-B46A-97DF0BDC08A1}.Release|iPhoneSimulator.Build.0 = Release|Any CPU
		{4B8B6741-DB41-44F6-B46A-97DF0BDC08A1}.Release|iPhoneSimulator.Deploy.0 = Release|Any CPU
		{4B8B6741-DB41-44F6-B46A-97DF0BDC08A1}.Release|x64.ActiveCfg = Release|Any CPU
		{4B8B6741-DB41-44F6-B46A-97DF0BDC08A1}.Release|x64.Build.0 = Release|Any CPU
		{4B8B6741-DB41-44F6-B46A-97DF0BDC08A1}.Release|x64.Deploy.0 = Release|Any CPU
		{4B8B6741-DB41-44F6-B46A-97DF0BDC08A1}.Release|x86.ActiveCfg = Release|Any CPU
		{4B8B6741-DB41-44F6-B46A-97DF0BDC08A1}.Release|x86.Build.0 = Release|Any CPU
		{4B8B6741-DB41-44F6-B46A-97DF0BDC08A1}.Release|x86.Deploy.0 = Release|Any CPU
		{269BE615-9939-44B5-8B65-142349A00758}.Debug|Any CPU.ActiveCfg = Debug|iPhone
		{269BE615-9939-44B5-8B65-142349A00758}.Debug|Any CPU.Build.0 = Debug|iPhone
		{269BE615-9939-44B5-8B65-142349A00758}.Debug|Any CPU.Deploy.0 = Debug|iPhone
		{269BE615-9939-44B5-8B65-142349A00758}.Debug|ARM.ActiveCfg = Debug|iPhoneSimulator
		{269BE615-9939-44B5-8B65-142349A00758}.Debug|ARM.Build.0 = Debug|iPhoneSimulator
		{269BE615-9939-44B5-8B65-142349A00758}.Debug|ARM.Deploy.0 = Debug|iPhoneSimulator
		{269BE615-9939-44B5-8B65-142349A00758}.Debug|iPhone.ActiveCfg = Debug|iPhone
		{269BE615-9939-44B5-8B65-142349A00758}.Debug|iPhone.Build.0 = Debug|iPhone
		{269BE615-9939-44B5-8B65-142349A00758}.Debug|iPhone.Deploy.0 = Debug|iPhone
		{269BE615-9939-44B5-8B65-142349A00758}.Debug|iPhoneSimulator.ActiveCfg = Debug|iPhoneSimulator
		{269BE615-9939-44B5-8B65-142349A00758}.Debug|iPhoneSimulator.Build.0 = Debug|iPhoneSimulator
		{269BE615-9939-44B5-8B65-142349A00758}.Debug|iPhoneSimulator.Deploy.0 = Debug|iPhoneSimulator
		{269BE615-9939-44B5-8B65-142349A00758}.Debug|x64.ActiveCfg = Debug|iPhone
		{269BE615-9939-44B5-8B65-142349A00758}.Debug|x64.Build.0 = Debug|iPhone
		{269BE615-9939-44B5-8B65-142349A00758}.Debug|x64.Deploy.0 = Debug|iPhone
		{269BE615-9939-44B5-8B65-142349A00758}.Debug|x86.ActiveCfg = Debug|iPhone
		{269BE615-9939-44B5-8B65-142349A00758}.Debug|x86.Build.0 = Debug|iPhone
		{269BE615-9939-44B5-8B65-142349A00758}.Debug|x86.Deploy.0 = Debug|iPhone
		{269BE615-9939-44B5-8B65-142349A00758}.Release|Any CPU.ActiveCfg = Release|iPhone
		{269BE615-9939-44B5-8B65-142349A00758}.Release|Any CPU.Build.0 = Release|iPhone
		{269BE615-9939-44B5-8B65-142349A00758}.Release|Any CPU.Deploy.0 = Release|iPhone
		{269BE615-9939-44B5-8B65-142349A00758}.Release|ARM.ActiveCfg = Release|iPhone
		{269BE615-9939-44B5-8B65-142349A00758}.Release|ARM.Build.0 = Release|iPhone
		{269BE615-9939-44B5-8B65-142349A00758}.Release|ARM.Deploy.0 = Release|iPhone
		{269BE615-9939-44B5-8B65-142349A00758}.Release|iPhone.ActiveCfg = Release|iPhone
		{269BE615-9939-44B5-8B65-142349A00758}.Release|iPhone.Build.0 = Release|iPhone
		{269BE615-9939-44B5-8B65-142349A00758}.Release|iPhone.Deploy.0 = Release|iPhone
		{269BE615-9939-44B5-8B65-142349A00758}.Release|iPhoneSimulator.ActiveCfg = Release|iPhoneSimulator
		{269BE615-9939-44B5-8B65-142349A00758}.Release|iPhoneSimulator.Build.0 = Release|iPhoneSimulator
		{269BE615-9939-44B5-8B65-142349A00758}.Release|iPhoneSimulator.Deploy.0 = Release|iPhoneSimulator
		{269BE615-9939-44B5-8B65-142349A00758}.Release|x64.ActiveCfg = Release|iPhone
		{269BE615-9939-44B5-8B65-142349A00758}.Release|x64.Build.0 = Release|iPhone
		{269BE615-9939-44B5-8B65-142349A00758}.Release|x64.Deploy.0 = Release|iPhone
		{269BE615-9939-44B5-8B65-142349A00758}.Release|x86.ActiveCfg = Release|iPhone
		{269BE615-9939-44B5-8B65-142349A00758}.Release|x86.Build.0 = Release|iPhone
		{269BE615-9939-44B5-8B65-142349A00758}.Release|x86.Deploy.0 = Release|iPhone
		{599BFEB2-B0E2-41A7-ACFF-51DF6E0E2913}.Debug|Any CPU.ActiveCfg = Debug|Any CPU
		{599BFEB2-B0E2-41A7-ACFF-51DF6E0E2913}.Debug|Any CPU.Build.0 = Debug|Any CPU
		{599BFEB2-B0E2-41A7-ACFF-51DF6E0E2913}.Debug|Any CPU.Deploy.0 = Debug|Any CPU
		{599BFEB2-B0E2-41A7-ACFF-51DF6E0E2913}.Debug|ARM.ActiveCfg = Debug|Any CPU
		{599BFEB2-B0E2-41A7-ACFF-51DF6E0E2913}.Debug|ARM.Build.0 = Debug|Any CPU
		{599BFEB2-B0E2-41A7-ACFF-51DF6E0E2913}.Debug|ARM.Deploy.0 = Debug|Any CPU
		{599BFEB2-B0E2-41A7-ACFF-51DF6E0E2913}.Debug|iPhone.ActiveCfg = Debug|Any CPU
		{599BFEB2-B0E2-41A7-ACFF-51DF6E0E2913}.Debug|iPhone.Build.0 = Debug|Any CPU
		{599BFEB2-B0E2-41A7-ACFF-51DF6E0E2913}.Debug|iPhone.Deploy.0 = Debug|Any CPU
		{599BFEB2-B0E2-41A7-ACFF-51DF6E0E2913}.Debug|iPhoneSimulator.ActiveCfg = Debug|Any CPU
		{599BFEB2-B0E2-41A7-ACFF-51DF6E0E2913}.Debug|iPhoneSimulator.Build.0 = Debug|Any CPU
		{599BFEB2-B0E2-41A7-ACFF-51DF6E0E2913}.Debug|iPhoneSimulator.Deploy.0 = Debug|Any CPU
		{599BFEB2-B0E2-41A7-ACFF-51DF6E0E2913}.Debug|x64.ActiveCfg = Debug|Any CPU
		{599BFEB2-B0E2-41A7-ACFF-51DF6E0E2913}.Debug|x64.Build.0 = Debug|Any CPU
		{599BFEB2-B0E2-41A7-ACFF-51DF6E0E2913}.Debug|x64.Deploy.0 = Debug|Any CPU
		{599BFEB2-B0E2-41A7-ACFF-51DF6E0E2913}.Debug|x86.ActiveCfg = Debug|Any CPU
		{599BFEB2-B0E2-41A7-ACFF-51DF6E0E2913}.Debug|x86.Build.0 = Debug|Any CPU
		{599BFEB2-B0E2-41A7-ACFF-51DF6E0E2913}.Debug|x86.Deploy.0 = Debug|Any CPU
		{599BFEB2-B0E2-41A7-ACFF-51DF6E0E2913}.Release|Any CPU.ActiveCfg = Release|Any CPU
		{599BFEB2-B0E2-41A7-ACFF-51DF6E0E2913}.Release|Any CPU.Build.0 = Release|Any CPU
		{599BFEB2-B0E2-41A7-ACFF-51DF6E0E2913}.Release|Any CPU.Deploy.0 = Release|Any CPU
		{599BFEB2-B0E2-41A7-ACFF-51DF6E0E2913}.Release|ARM.ActiveCfg = Release|Any CPU
		{599BFEB2-B0E2-41A7-ACFF-51DF6E0E2913}.Release|ARM.Build.0 = Release|Any CPU
		{599BFEB2-B0E2-41A7-ACFF-51DF6E0E2913}.Release|ARM.Deploy.0 = Release|Any CPU
		{599BFEB2-B0E2-41A7-ACFF-51DF6E0E2913}.Release|iPhone.ActiveCfg = Release|Any CPU
		{599BFEB2-B0E2-41A7-ACFF-51DF6E0E2913}.Release|iPhone.Build.0 = Release|Any CPU
		{599BFEB2-B0E2-41A7-ACFF-51DF6E0E2913}.Release|iPhone.Deploy.0 = Release|Any CPU
		{599BFEB2-B0E2-41A7-ACFF-51DF6E0E2913}.Release|iPhoneSimulator.ActiveCfg = Release|Any CPU
		{599BFEB2-B0E2-41A7-ACFF-51DF6E0E2913}.Release|iPhoneSimulator.Build.0 = Release|Any CPU
		{599BFEB2-B0E2-41A7-ACFF-51DF6E0E2913}.Release|iPhoneSimulator.Deploy.0 = Release|Any CPU
		{599BFEB2-B0E2-41A7-ACFF-51DF6E0E2913}.Release|x64.ActiveCfg = Release|Any CPU
		{599BFEB2-B0E2-41A7-ACFF-51DF6E0E2913}.Release|x64.Build.0 = Release|Any CPU
		{599BFEB2-B0E2-41A7-ACFF-51DF6E0E2913}.Release|x64.Deploy.0 = Release|Any CPU
		{599BFEB2-B0E2-41A7-ACFF-51DF6E0E2913}.Release|x86.ActiveCfg = Release|Any CPU
		{599BFEB2-B0E2-41A7-ACFF-51DF6E0E2913}.Release|x86.Build.0 = Release|Any CPU
		{599BFEB2-B0E2-41A7-ACFF-51DF6E0E2913}.Release|x86.Deploy.0 = Release|Any CPU
	EndGlobalSection
	GlobalSection(SolutionProperties) = preSolution
		HideSolutionNode = FALSE
	EndGlobalSection
	GlobalSection(ExtensibilityGlobals) = postSolution
		SolutionGuid = {2ED232C0-0D17-49D3-857C-501BF4689081}
	EndGlobalSection
EndGlobal
